Microsoft Visual Studio Solution File, Format Version 12.00
# Visual Studio Version 17
VisualStudioVersion = 17.0.31912.202
MinimumVisualStudioVersion = 10.0.40219.1
Project("{E53F8E8B-9B7D-4B9B-8B5D-8B8D8D8D8D8D}") = "MyAspNetApp", "src\MyAspNetApp\MyAspNetApp.csproj", "{A1B2C3D4-E5F6-7A8B-9C0D-E1F2G3H4I5J6}"
EndProject
Global
    GlobalSection(SolutionConfigurationPlatforms) = preSolution
        Debug|Any CPU = Debug|Any CPU
        Release|Any CPU = Release|Any CPU
    EndGlobalSection
    GlobalSection(ProjectConfigurationPlatforms) = postSolution
        {A1B2C3D4-E5F6-7A8B-9C0D-E1F2G3H4I5J6}.Debug|Any CPU.ActiveCfg = Debug|Any CPU
        {A1B2C3D4-E5F6-7A8B-9C0D-E1F2G3H4I5J6}.Debug|Any CPU.Build.0 = Debug|Any CPU
        {A1B2C3D4-E5F6-7A8B-9C0D-E1F2G3H4I5J6}.Release|Any CPU.ActiveCfg = Release|Any CPU
        {A1B2C3D4-E5F6-7A8B-9C0D-E1F2G3H4I5J6}.Release|Any CPU.Build.0 = Release|Any CPU
    EndGlobalSection
EndGlobal